// !$*UTF8*$!
{
	archiveVersion = 1;
	classes = {
	};
	objectVersion = 46;
	objects = {

/* Begin PBXBuildFile section */
		B0B3BE8317FB6A1C003DF178 /* Foundation.framework in Frameworks */ = {isa = PBXBuildFile; fileRef = B0B3BE8217FB6A1C003DF178 /* Foundation.framework */; };
		B0B3BE8517FB6A1C003DF178 /* CoreGraphics.framework in Frameworks */ = {isa = PBXBuildFile; fileRef = B0B3BE8417FB6A1C003DF178 /* CoreGraphics.framework */; };
		B0B3BE8717FB6A1C003DF178 /* UIKit.framework in Frameworks */ = {isa = PBXBuildFile; fileRef = B0B3BE8617FB6A1C003DF178 /* UIKit.framework */; };
		B0B3BE8D17FB6A1C003DF178 /* InfoPlist.strings in Resources */ = {isa = PBXBuildFile; fileRef = B0B3BE8B17FB6A1C003DF178 /* InfoPlist.strings */; };
		B0B3BE8F17FB6A1C003DF178 /* main.m in Sources */ = {isa = PBXBuildFile; fileRef = B0B3BE8E17FB6A1C003DF178 /* main.m */; };
		B0B3BE9317FB6A1C003DF178 /* PMLAppDelegate.m in Sources */ = {isa = PBXBuildFile; fileRef = B0B3BE9217FB6A1C003DF178 /* PMLAppDelegate.m */; };
		B0B3BE9617FB6A1C003DF178 /* Main.storyboard in Resources */ = {isa = PBXBuildFile; fileRef = B0B3BE9417FB6A1C003DF178 /* Main.storyboard */; };
		B0B3BE9917FB6A1C003DF178 /* PMLViewController.m in Sources */ = {isa = PBXBuildFile; fileRef = B0B3BE9817FB6A1C003DF178 /* PMLViewController.m */; };
		B0B3BE9B17FB6A1C003DF178 /* Images.xcassets in Resources */ = {isa = PBXBuildFile; fileRef = B0B3BE9A17FB6A1C003DF178 /* Images.xcassets */; };
		B0B3BEA217FB6A1C003DF178 /* XCTest.framework in Frameworks */ = {isa = PBXBuildFile; fileRef = B0B3BEA117FB6A1C003DF178 /* XCTest.framework */; };
		B0B3BEA317FB6A1C003DF178 /* Foundation.framework in Frameworks */ = {isa = PBXBuildFile; fileRef = B0B3BE8217FB6A1C003DF178 /* Foundation.framework */; };
		B0B3BEA417FB6A1C003DF178 /* UIKit.framework in Frameworks */ = {isa = PBXBuildFile; fileRef = B0B3BE8617FB6A1C003DF178 /* UIKit.framework */; };
		B0B3BEAC17FB6A1C003DF178 /* InfoPlist.strings in Resources */ = {isa = PBXBuildFile; fileRef = B0B3BEAA17FB6A1C003DF178 /* InfoPlist.strings */; };
		B0B3BEAE17FB6A1C003DF178 /* PopperTests.m in Sources */ = {isa = PBXBuildFile; fileRef = B0B3BEAD17FB6A1C003DF178 /* PopperTests.m */; };
		B0B3BEB917FB6A39003DF178 /* PMLPopper.m in Sources */ = {isa = PBXBuildFile; fileRef = B0B3BEB817FB6A39003DF178 /* PMLPopper.m */; };
		B0B3BEBB17FB6B0F003DF178 /* Pop.caf in Resources */ = {isa = PBXBuildFile; fileRef = B0B3BEBA17FB6B0F003DF178 /* Pop.caf */; };
/* End PBXBuildFile section */

/* Begin PBXContainerItemProxy section */
		B0B3BEA517FB6A1C003DF178 /* PBXContainerItemProxy */ = {
			isa = PBXContainerItemProxy;
			containerPortal = B0B3BE7717FB6A1C003DF178 /* Project object */;
			proxyType = 1;
			remoteGlobalIDString = B0B3BE7E17FB6A1C003DF178;
			remoteInfo = Popper;
		};
/* End PBXContainerItemProxy section */

/* Begin PBXFileReference section */
		B0B3BE7F17FB6A1C003DF178 /* Popper.app */ = {isa = PBXFileReference; explicitFileType = wrapper.application; includeInIndex = 0; path = Popper.app; sourceTree = BUILT_PRODUCTS_DIR; };
		B0B3BE8217FB6A1C003DF178 /* Foundation.framework */ = {isa = PBXFileReference; lastKnownFileType = wrapper.framework; name = Foundation.framework; path = System/Library/Frameworks/Foundation.framework; sourceTree = SDKROOT; };
		B0B3BE8417FB6A1C003DF178 /* CoreGraphics.framework */ = {isa = PBXFileReference; lastKnownFileType = wrapper.framework; name = CoreGraphics.framework; path = System/Library/Frameworks/CoreGraphics.framework; sourceTree = SDKROOT; };
		B0B3BE8617FB6A1C003DF178 /* UIKit.framework */ = {isa = PBXFileReference; lastKnownFileType = wrapper.framework; name = UIKit.framework; path = System/Library/Frameworks/UIKit.framework; sourceTree = SDKROOT; };
		B0B3BE8A17FB6A1C003DF178 /* Popper-Info.plist */ = {isa = PBXFileReference; lastKnownFileType = text.plist.xml; path = "Popper-Info.plist"; sourceTree = "<group>"; };
		B0B3BE8C17FB6A1C003DF178 /* en */ = {isa = PBXFileReference; lastKnownFileType = text.plist.strings; name = en; path = en.lproj/InfoPlist.strings; sourceTree = "<group>"; };
		B0B3BE8E17FB6A1C003DF178 /* main.m */ = {isa = PBXFileReference; lastKnownFileType = sourcecode.c.objc; path = main.m; sourceTree = "<group>"; };
		B0B3BE9017FB6A1C003DF178 /* Popper-Prefix.pch */ = {isa = PBXFileReference; lastKnownFileType = sourcecode.c.h; path = "Popper-Prefix.pch"; sourceTree = "<group>"; };
		B0B3BE9117FB6A1C003DF178 /* PMLAppDelegate.h */ = {isa = PBXFileReference; lastKnownFileType = sourcecode.c.h; path = PMLAppDelegate.h; sourceTree = "<group>"; };
		B0B3BE9217FB6A1C003DF178 /* PMLAppDelegate.m */ = {isa = PBXFileReference; lastKnownFileType = sourcecode.c.objc; path = PMLAppDelegate.m; sourceTree = "<group>"; };
		B0B3BE9517FB6A1C003DF178 /* Base */ = {isa = PBXFileReference; lastKnownFileType = file.storyboard; name = Base; path = Base.lproj/Main.storyboard; sourceTree = "<group>"; };
		B0B3BE9717FB6A1C003DF178 /* PMLViewController.h */ = {isa = PBXFileReference; lastKnownFileType = sourcecode.c.h; path = PMLViewController.h; sourceTree = "<group>"; };
		B0B3BE9817FB6A1C003DF178 /* PMLViewController.m */ = {isa = PBXFileReference; lastKnownFileType = sourcecode.c.objc; path = PMLViewController.m; sourceTree = "<group>"; };
		B0B3BE9A17FB6A1C003DF178 /* Images.xcassets */ = {isa = PBXFileReference; lastKnownFileType = folder.assetcatalog; path = Images.xcassets; sourceTree = "<group>"; };
		B0B3BEA017FB6A1C003DF178 /* PopperTests.xctest */ = {isa = PBXFileReference; explicitFileType = wrapper.cfbundle; includeInIndex = 0; path = PopperTests.xctest; sourceTree = BUILT_PRODUCTS_DIR; };
		B0B3BEA117FB6A1C003DF178 /* XCTest.framework */ = {isa = PBXFileReference; lastKnownFileType = wrapper.framework; name = XCTest.framework; path = Library/Frameworks/XCTest.framework; sourceTree = DEVELOPER_DIR; };
		B0B3BEA917FB6A1C003DF178 /* PopperTests-Info.plist */ = {isa = PBXFileReference; lastKnownFileType = text.plist.xml; path = "PopperTests-Info.plist"; sourceTree = "<group>"; };
		B0B3BEAB17FB6A1C003DF178 /* en */ = {isa = PBXFileReference; lastKnownFileType = text.plist.strings; name = en; path = en.lproj/InfoPlist.strings; sourceTree = "<group>"; };
		B0B3BEAD17FB6A1C003DF178 /* PopperTests.m */ = {isa = PBXFileReference; lastKnownFileType = sourcecode.c.objc; path = PopperTests.m; sourceTree = "<group>"; };
		B0B3BEB717FB6A39003DF178 /* PMLPopper.h */ = {isa = PBXFileReference; fileEncoding = 4; lastKnownFileType = sourcecode.c.h; path = PMLPopper.h; sourceTree = "<group>"; };
		B0B3BEB817FB6A39003DF178 /* PMLPopper.m */ = {isa = PBXFileReference; fileEncoding = 4; lastKnownFileType = sourcecode.c.objc; path = PMLPopper.m; sourceTree = "<group>"; };
		B0B3BEBA17FB6B0F003DF178 /* Pop.caf */ = {isa = PBXFileReference; lastKnownFileType = file; path = Pop.caf; sourceTree = "<group>"; };
/* End PBXFileReference section */

/* Begin PBXFrameworksBuildPhase section */
		B0B3BE7C17FB6A1C003DF178 /* Frameworks */ = {
			isa = PBXFrameworksBuildPhase;
			buildActionMask = 2147483647;
			files = (
				B0B3BE8517FB6A1C003DF178 /* CoreGraphics.framework in Frameworks */,
				B0B3BE8717FB6A1C003DF178 /* UIKit.framework in Frameworks */,
				B0B3BE8317FB6A1C003DF178 /* Foundation.framework in Frameworks */,
			);
			runOnlyForDeploymentPostprocessing = 0;
		};
		B0B3BE9D17FB6A1C003DF178 /* Frameworks */ = {
			isa = PBXFrameworksBuildPhase;
			buildActionMask = 2147483647;
			files = (
				B0B3BEA217FB6A1C003DF178 /* XCTest.framework in Frameworks */,
				B0B3BEA417FB6A1C003DF178 /* UIKit.framework in Frameworks */,
				B0B3BEA317FB6A1C003DF178 /* Foundation.framework in Frameworks */,
			);
			runOnlyForDeploymentPostprocessing = 0;
		};
/* End PBXFrameworksBuildPhase section */

/* Begin PBXGroup section */
		B0B3BE7617FB6A1C003DF178 = {
			isa = PBXGroup;
			children = (
				B0B3BE8817FB6A1C003DF178 /* Popper */,
				B0B3BEA717FB6A1C003DF178 /* PopperTests */,
				B0B3BE8117FB6A1C003DF178 /* Frameworks */,
				B0B3BE8017FB6A1C003DF178 /* Products */,
			);
			sourceTree = "<group>";
		};
		B0B3BE8017FB6A1C003DF178 /* Products */ = {
			isa = PBXGroup;
			children = (
				B0B3BE7F17FB6A1C003DF178 /* Popper.app */,
				B0B3BEA017FB6A1C003DF178 /* PopperTests.xctest */,
			);
			name = Products;
			sourceTree = "<group>";
		};
		B0B3BE8117FB6A1C003DF178 /* Frameworks */ = {
			isa = PBXGroup;
			children = (
				B0B3BE8217FB6A1C003DF178 /* Foundation.framework */,
				B0B3BE8417FB6A1C003DF178 /* CoreGraphics.framework */,
				B0B3BE8617FB6A1C003DF178 /* UIKit.framework */,
				B0B3BEA117FB6A1C003DF178 /* XCTest.framework */,
			);
			name = Frameworks;
			sourceTree = "<group>";
		};
		B0B3BE8817FB6A1C003DF178 /* Popper */ = {
			isa = PBXGroup;
			children = (
				B0B3BE9117FB6A1C003DF178 /* PMLAppDelegate.h */,
				B0B3BE9217FB6A1C003DF178 /* PMLAppDelegate.m */,
				B0B3BE9417FB6A1C003DF178 /* Main.storyboard */,
				B0B3BE9717FB6A1C003DF178 /* PMLViewController.h */,
				B0B3BE9817FB6A1C003DF178 /* PMLViewController.m */,
				B0B3BEB717FB6A39003DF178 /* PMLPopper.h */,
				B0B3BEB817FB6A39003DF178 /* PMLPopper.m */,
				B0B3BE9A17FB6A1C003DF178 /* Images.xcassets */,
				B0B3BE8917FB6A1C003DF178 /* Supporting Files */,
			);
			path = Popper;
			sourceTree = "<group>";
		};
		B0B3BE8917FB6A1C003DF178 /* Supporting Files */ = {
			isa = PBXGroup;
			children = (
				B0B3BEBA17FB6B0F003DF178 /* Pop.caf */,
				B0B3BE8A17FB6A1C003DF178 /* Popper-Info.plist */,
				B0B3BE8B17FB6A1C003DF178 /* InfoPlist.strings */,
				B0B3BE8E17FB6A1C003DF178 /* main.m */,
				B0B3BE9017FB6A1C003DF178 /* Popper-Prefix.pch */,
			);
			name = "Supporting Files";
			sourceTree = "<group>";
		};
		B0B3BEA717FB6A1C003DF178 /* PopperTests */ = {
			isa = PBXGroup;
			children = (
				B0B3BEAD17FB6A1C003DF178 /* PopperTests.m */,
				B0B3BEA817FB6A1C003DF178 /* Supporting Files */,
			);
			path = PopperTests;
			sourceTree = "<group>";
		};
		B0B3BEA817FB6A1C003DF178 /* Supporting Files */ = {
			isa = PBXGroup;
			children = (
				B0B3BEA917FB6A1C003DF178 /* PopperTests-Info.plist */,
				B0B3BEAA17FB6A1C003DF178 /* InfoPlist.strings */,
			);
			name = "Supporting Files";
			sourceTree = "<group>";
		};
/* End PBXGroup section */

/* Begin PBXNativeTarget section */
		B0B3BE7E17FB6A1C003DF178 /* Popper */ = {
			isa = PBXNativeTarget;
			buildConfigurationList = B0B3BEB117FB6A1C003DF178 /* Build configuration list for PBXNativeTarget "Popper" */;
			buildPhases = (
				B0B3BE7B17FB6A1C003DF178 /* Sources */,
				B0B3BE7C17FB6A1C003DF178 /* Frameworks */,
				B0B3BE7D17FB6A1C003DF178 /* Resources */,
			);
			buildRules = (
			);
			dependencies = (
			);
			name = Popper;
			productName = Popper;
			productReference = B0B3BE7F17FB6A1C003DF178 /* Popper.app */;
			productType = "com.apple.product-type.application";
		};
		B0B3BE9F17FB6A1C003DF178 /* PopperTests */ = {
			isa = PBXNativeTarget;
			buildConfigurationList = B0B3BEB417FB6A1C003DF178 /* Build configuration list for PBXNativeTarget "PopperTests" */;
			buildPhases = (
				B0B3BE9C17FB6A1C003DF178 /* Sources */,
				B0B3BE9D17FB6A1C003DF178 /* Frameworks */,
				B0B3BE9E17FB6A1C003DF178 /* Resources */,
			);
			buildRules = (
			);
			dependencies = (
				B0B3BEA617FB6A1C003DF178 /* PBXTargetDependency */,
			);
			name = PopperTests;
			productName = PopperTests;
			productReference = B0B3BEA017FB6A1C003DF178 /* PopperTests.xctest */;
			productType = "com.apple.product-type.bundle.unit-test";
		};
/* End PBXNativeTarget section */

/* Begin PBXProject section */
		B0B3BE7717FB6A1C003DF178 /* Project object */ = {
			isa = PBXProject;
			attributes = {
				CLASSPREFIX = PML;
				LastUpgradeCheck = 0500;
				ORGANIZATIONNAME = postmechanical;
				TargetAttributes = {
					B0B3BE9F17FB6A1C003DF178 = {
						TestTargetID = B0B3BE7E17FB6A1C003DF178;
					};
				};
			};
			buildConfigurationList = B0B3BE7A17FB6A1C003DF178 /* Build configuration list for PBXProject "Popper" */;
			compatibilityVersion = "Xcode 3.2";
			developmentRegion = English;
			hasScannedForEncodings = 0;
			knownRegions = (
				en,
				Base,
			);
			mainGroup = B0B3BE7617FB6A1C003DF178;
			productRefGroup = B0B3BE8017FB6A1C003DF178 /* Products */;
			projectDirPath = "";
			projectRoot = "";
			targets = (
				B0B3BE7E17FB6A1C003DF178 /* Popper */,
				B0B3BE9F17FB6A1C003DF178 /* PopperTests */,
			);
		};
/* End PBXProject section */

/* Begin PBXResourcesBuildPhase section */
		B0B3BE7D17FB6A1C003DF178 /* Resources */ = {
			isa = PBXResourcesBuildPhase;
			buildActionMask = 2147483647;
			files = (
				B0B3BE9B17FB6A1C003DF178 /* Images.xcassets in Resources */,
				B0B3BE8D17FB6A1C003DF178 /* InfoPlist.strings in Resources */,
				B0B3BEBB17FB6B0F003DF178 /* Pop.caf in Resources */,
				B0B3BE9617FB6A1C003DF178 /* Main.storyboard in Resources */,
			);
			runOnlyForDeploymentPostprocessing = 0;
		};
		B0B3BE9E17FB6A1C003DF178 /* Resources */ = {
			isa = PBXResourcesBuildPhase;
			buildActionMask = 2147483647;
			files = (
				B0B3BEAC17FB6A1C003DF178 /* InfoPlist.strings in Resources */,
			);
			runOnlyForDeploymentPostprocessing = 0;
		};
/* End PBXResourcesBuildPhase section */

/* Begin PBXSourcesBuildPhase section */
		B0B3BE7B17FB6A1C003DF178 /* Sources */ = {
			isa = PBXSourcesBuildPhase;
			buildActionMask = 2147483647;
			files = (
				B0B3BE9917FB6A1C003DF178 /* PMLViewController.m in Sources */,
				B0B3BEB917FB6A39003DF178 /* PMLPopper.m in Sources */,
				B0B3BE9317FB6A1C003DF178 /* PMLAppDelegate.m in Sources */,
				B0B3BE8F17FB6A1C003DF178 /* main.m in Sources */,
			);
			runOnlyForDeploymentPostprocessing = 0;
		};
		B0B3BE9C17FB6A1C003DF178 /* Sources */ = {
			isa = PBXSourcesBuildPhase;
			buildActionMask = 2147483647;
			files = (
				B0B3BEAE17FB6A1C003DF178 /* PopperTests.m in Sources */,
			);
			runOnlyForDeploymentPostprocessing = 0;
		};
/* End PBXSourcesBuildPhase section */

/* Begin PBXTargetDependency section */
		B0B3BEA617FB6A1C003DF178 /* PBXTargetDependency */ = {
			isa = PBXTargetDependency;
			target = B0B3BE7E17FB6A1C003DF178 /* Popper */;
			targetProxy = B0B3BEA517FB6A1C003DF178 /* PBXContainerItemProxy */;
		};
/* End PBXTargetDependency section */

/* Begin PBXVariantGroup section */
		B0B3BE8B17FB6A1C003DF178 /* InfoPlist.strings */ = {
			isa = PBXVariantGroup;
			children = (
				B0B3BE8C17FB6A1C003DF178 /* en */,
			);
			name = InfoPlist.strings;
			sourceTree = "<group>";
		};
		B0B3BE9417FB6A1C003DF178 /* Main.storyboard */ = {
			isa = PBXVariantGroup;
			children = (
				B0B3BE9517FB6A1C003DF178 /* Base */,
			);
			name = Main.storyboard;
			sourceTree = "<group>";
		};
		B0B3BEAA17FB6A1C003DF178 /* InfoPlist.strings */ = {
			isa = PBXVariantGroup;
			children = (
				B0B3BEAB17FB6A1C003DF178 /* en */,
			);
			name = InfoPlist.strings;
			sourceTree = "<group>";
		};
/* End PBXVariantGroup section */

/* Begin XCBuildConfiguration section */
		B0B3BEAF17FB6A1C003DF178 /* Debug */ = {
			isa = XCBuildConfiguration;
			buildSettings = {
				ALWAYS_SEARCH_USER_PATHS = NO;
				ARCHS = "$(ARCHS_STANDARD_INCLUDING_64_BIT)";
				CLANG_CXX_LANGUAGE_STANDARD = "gnu++0x";
				CLANG_CXX_LIBRARY = "libc++";
				CLANG_ENABLE_MODULES = YES;
				CLANG_ENABLE_OBJC_ARC = YES;
				CLANG_WARN_BOOL_CONVERSION = YES;
				CLANG_WARN_CONSTANT_CONVERSION = YES;
				CLANG_WARN_DIRECT_OBJC_ISA_USAGE = YES_ERROR;
				CLANG_WARN_EMPTY_BODY = YES;
				CLANG_WARN_ENUM_CONVERSION = YES;
				CLANG_WARN_INT_CONVERSION = YES;
				CLANG_WARN_OBJC_ROOT_CLASS = YES_ERROR;
				CLANG_WARN__DUPLICATE_METHOD_MATCH = YES;
				"CODE_SIGN_IDENTITY[sdk=iphoneos*]" = "iPhone Developer";
				COPY_PHASE_STRIP = NO;
				GCC_C_LANGUAGE_STANDARD = gnu99;
				GCC_DYNAMIC_NO_PIC = NO;
				GCC_OPTIMIZATION_LEVEL = 0;
				GCC_PREPROCESSOR_DEFINITIONS = (
					"DEBUG=1",
					"$(inherited)",
				);
				GCC_SYMBOLS_PRIVATE_EXTERN = NO;
				GCC_WARN_64_TO_32_BIT_CONVERSION = YES;
				GCC_WARN_ABOUT_RETURN_TYPE = YES_ERROR;
				GCC_WARN_UNDECLARED_SELECTOR = YES;
				GCC_WARN_UNINITIALIZED_AUTOS = YES;
				GCC_WARN_UNUSED_FUNCTION = YES;
				GCC_WARN_UNUSED_VARIABLE = YES;
				IPHONEOS_DEPLOYMENT_TARGET = 7.0;
				ONLY_ACTIVE_ARCH = YES;
				SDKROOT = iphoneos;
			};
			name = Debug;
		};
		B0B3BEB017FB6A1C003DF178 /* Release */ = {
			isa = XCBuildConfiguration;
			buildSettings = {
				ALWAYS_SEARCH_USER_PATHS = NO;
				ARCHS = "$(ARCHS_STANDARD_INCLUDING_64_BIT)";
				CLANG_CXX_LANGUAGE_STANDARD = "gnu++0x";
				CLANG_CXX_LIBRARY = "libc++";
				CLANG_ENABLE_MODULES = YES;
				CLANG_ENABLE_OBJC_ARC = YES;
				CLANG_WARN_BOOL_CONVERSION = YES;
				CLANG_WARN_CONSTANT_CONVERSION = YES;
				CLANG_WARN_DIRECT_OBJC_ISA_USAGE = YES_ERROR;
				CLANG_WARN_EMPTY_BODY = YES;
				CLANG_WARN_ENUM_CONVERSION = YES;
				CLANG_WARN_INT_CONVERSION = YES;
				CLANG_WARN_OBJC_ROOT_CLASS = YES_ERROR;
				CLANG_WARN__DUPLICATE_METHOD_MATCH = YES;
				"CODE_SIGN_IDENTITY[sdk=iphoneos*]" = "iPhone Developer";
				COPY_PHASE_STRIP = YES;
				ENABLE_NS_ASSERTIONS = NO;
				GCC_C_LANGUAGE_STANDARD = gnu99;
				GCC_WARN_64_TO_32_BIT_CONVERSION = YES;
				GCC_WARN_ABOUT_RETURN_TYPE = YES_ERROR;
				GCC_WARN_UNDECLARED_SELECTOR = YES;
				GCC_WARN_UNINITIALIZED_AUTOS = YES;
				GCC_WARN_UNUSED_FUNCTION = YES;
				GCC_WARN_UNUSED_VARIABLE = YES;
				IPHONEOS_DEPLOYMENT_TARGET = 7.0;
				SDKROOT = iphoneos;
				VALIDATE_PRODUCT = YES;
			};
			name = Release;
		};
		B0B3BEB217FB6A1C003DF178 /* Debug */ = {
			isa = XCBuildConfiguration;
			buildSettings = {
				ASSETCATALOG_COMPILER_APPICON_NAME = AppIcon;
				ASSETCATALOG_COMPILER_LAUNCHIMAGE_NAME = LaunchImage;
				GCC_PRECOMPILE_PREFIX_HEADER = YES;
				GCC_PREFIX_HEADER = "Popper/Popper-Prefix.pch";
				INFOPLIST_FILE = "Popper/Popper-Info.plist";
				PRODUCT_NAME = "$(TARGET_NAME)";
				WRAPPER_EXTENSION = app;
			};
			name = Debug;
		};
		B0B3BEB317FB6A1C003DF178 /* Release */ = {
			isa = XCBuildConfiguration;
			buildSettings = {
				ASSETCATALOG_COMPILER_APPICON_NAME = AppIcon;
				ASSETCATALOG_COMPILER_LAUNCHIMAGE_NAME = LaunchImage;
				GCC_PRECOMPILE_PREFIX_HEADER = YES;
				GCC_PREFIX_HEADER = "Popper/Popper-Prefix.pch";
				INFOPLIST_FILE = "Popper/Popper-Info.plist";
				PRODUCT_NAME = "$(TARGET_NAME)";
				WRAPPER_EXTENSION = app;
			};
			name = Release;
		};
		B0B3BEB517FB6A1C003DF178 /* Debug */ = {
			isa = XCBuildConfiguration;
			buildSettings = {
				ARCHS = "$(ARCHS_STANDARD_INCLUDING_64_BIT)";
				BUNDLE_LOADER = "$(BUILT_PRODUCTS_DIR)/Popper.app/Popper";
				FRAMEWORK_SEARCH_PATHS = (
					"$(SDKROOT)/Developer/Library/Frameworks",
					"$(inherited)",
					"$(DEVELOPER_FRAMEWORKS_DIR)",
				);
				GCC_PRECOMPILE_PREFIX_HEADER = YES;
				GCC_PREFIX_HEADER = "Popper/Popper-Prefix.pch";
				GCC_PREPROCESSOR_DEFINITIONS = (
					"DEBUG=1",
					"$(inherited)",
				);
				INFOPLIST_FILE = "PopperTests/PopperTests-Info.plist";
				PRODUCT_NAME = "$(TARGET_NAME)";
				TEST_HOST = "$(BUNDLE_LOADER)";
				WRAPPER_EXTENSION = xctest;
			};
			name = Debug;
		};
		B0B3BEB617FB6A1C003DF178 /* Release */ = {
			isa = XCBuildConfiguration;
			buildSettings = {
				ARCHS = "$(ARCHS_STANDARD_INCLUDING_64_BIT)";
				BUNDLE_LOADER = "$(BUILT_PRODUCTS_DIR)/Popper.app/Popper";
				FRAMEWORK_SEARCH_PATHS = (
					"$(SDKROOT)/Developer/Library/Frameworks",
					"$(inherited)",
					"$(DEVELOPER_FRAMEWORKS_DIR)",
				);
				GCC_PRECOMPILE_PREFIX_HEADER = YES;
				GCC_PREFIX_HEADER = "Popper/Popper-Prefix.pch";
				INFOPLIST_FILE = "PopperTests/PopperTests-Info.plist";
				PRODUCT_NAME = "$(TARGET_NAME)";
				TEST_HOST = "$(BUNDLE_LOADER)";
				WRAPPER_EXTENSION = xctest;
			};
			name = Release;
		};
/* End XCBuildConfiguration section */

/* Begin XCConfigurationList section */
		B0B3BE7A17FB6A1C003DF178 /* Build configuration list for PBXProject "Popper" */ = {
			isa = XCConfigurationList;
			buildConfigurations = (
				B0B3BEAF17FB6A1C003DF178 /* Debug */,
				B0B3BEB017FB6A1C003DF178 /* Release */,
			);
			defaultConfigurationIsVisible = 0;
			defaultConfigurationName = Release;
		};
		B0B3BEB117FB6A1C003DF178 /* Build configuration list for PBXNativeTarget "Popper" */ = {
			isa = XCConfigurationList;
			buildConfigurations = (
				B0B3BEB217FB6A1C003DF178 /* Debug */,
				B0B3BEB317FB6A1C003DF178 /* Release */,
			);
			defaultConfigurationIsVisible = 0;
		};
		B0B3BEB417FB6A1C003DF178 /* Build configuration list for PBXNativeTarget "PopperTests" */ = {
			isa = XCConfigurationList;
			buildConfigurations = (
				B0B3BEB517FB6A1C003DF178 /* Debug */,
				B0B3BEB617FB6A1C003DF178 /* Release */,
			);
			defaultConfigurationIsVisible = 0;
		};
/* End XCConfigurationList section */
	};
	rootObject = B0B3BE7717FB6A1C003DF178 /* Project object */;
}
